
Microsoft Visual Studio Solution File, Format Version 12.00
# Visual Studio Express 2012 for Windows Desktop
Project("{FAE04EC0-301F-11D3-BF4B-00C04F79EFBC}") = "ConvertToTags", "ConvertToTags.csproj", "{02DA2DB4-E972-4120-887D-2C3E254C32A0}"
EndProject
Global
	GlobalSection(SolutionConfigurationPlatforms) = preSolution
		Debug|Any CPU = Debug|Any CPU
		Release|Any CPU = Release|Any CPU
	EndGlobalSection
	GlobalSection(ProjectConfigurationPlatforms) = postSolution
		{02DA2DB4-E972-4120-887D-2C3E254C32A0}.Debug|Any CPU.ActiveCfg = Debug|Any CPU
		{02DA2DB4-E972-4120-887D-2C3E254C32A0}.Debug|Any CPU.Build.0 = Debug|Any CPU
		{02DA2DB4-E972-4120-887D-2C3E254C32A0}.Release|Any CPU.ActiveCfg = Release|Any CPU
		{02DA2DB4-E972-4120-887D-2C3E254C32A0}.Release|Any CPU.Build.0 = Release|Any CPU
	EndGlobalSection
	GlobalSection(SolutionProperties) = preSolution
		HideSolutionNode = FALSE
	EndGlobalSection
EndGlobal
